{
  "pins" : [
    {
      "identity" : "swiftui-introspect",
      "kind" : "remoteSourceControl",
      "location" : "https://github.com/siteline/swiftui-introspect",
      "state" : {
        "revision" : "d2987affc5482a94d94aa730914aa26b124648a6",
        "version" : "1.4.0-beta.3"
      }
    }
  ],
  "version" : 2
}
